
Microsoft Visual Studio Solution File, Format Version 12.00
# Visual Studio Version 17
VisualStudioVersion = 17.0.31903.59
MinimumVisualStudioVersion = 10.0.40219.1
Project("{54A90642-561A-4BB1-A94E-469ADEE60C69}") = "ui", "ui\ui.esproj", "{43563029-C32E-4323-8D7A-126178D016CE}"
EndProject
Global
	GlobalSection(SolutionConfigurationPlatforms) = preSolution
		Debug|Any CPU = Debug|Any CPU
		Release|Any CPU = Release|Any CPU
	EndGlobalSection
	GlobalSection(ProjectConfigurationPlatforms) = postSolution
		{43563029-C32E-4323-8D7A-126178D016CE}.Debug|Any CPU.ActiveCfg = Debug|Any CPU
		{43563029-C32E-4323-8D7A-126178D016CE}.Debug|Any CPU.Build.0 = Debug|Any CPU
		{43563029-C32E-4323-8D7A-126178D016CE}.Debug|Any CPU.Deploy.0 = Debug|Any CPU
		{43563029-C32E-4323-8D7A-126178D016CE}.Release|Any CPU.ActiveCfg = Release|Any CPU
		{43563029-C32E-4323-8D7A-126178D016CE}.Release|Any CPU.Build.0 = Release|Any CPU
		{43563029-C32E-4323-8D7A-126178D016CE}.Release|Any CPU.Deploy.0 = Release|Any CPU
	EndGlobalSection
	GlobalSection(SolutionProperties) = preSolution
		HideSolutionNode = FALSE
	EndGlobalSection
EndGlobal
